{
  "originHash" : "2b6d335272326468abc2114223e2ce9f2cf9645d68fa4e525733ecbf43f90359",
  "pins" : [
    {
      "identity" : "swiftsoup",
      "kind" : "remoteSourceControl",
      "location" : "https://github.com/scinfu/SwiftSoup.git",
      "state" : {
        "revision" : "c63bd113ab3b016c2396c87e519f568b011a5aa8",
        "version" : "2.8.6"
      }
    }
  ],
  "version" : 3
}
